
Microsoft Visual Studio Solution File, Format Version 12.00
# Visual Studio 2012
Project("{FAE04EC0-301F-11D3-BF4B-00C04F79EFBC}") = "SonosSharp", "SonosSharp\SonosSharp.csproj", "{E58F0D76-C0D7-4887-83D4-A18506F15F56}"
EndProject
Project("{2150E333-8FDC-42A3-9474-1A3956D46DE8}") = "Samples", "Samples", "{A2385080-A959-425E-ACEC-F3E13D00FEF0}"
EndProject
Project("{FAE04EC0-301F-11D3-BF4B-00C04F79EFBC}") = "SonosConsole", "SonosConsole\SonosConsole.csproj", "{9CADAD7C-B6B2-4C77-8B80-A46366F0B749}"
EndProject
Project("{FAE04EC0-301F-11D3-BF4B-00C04F79EFBC}") = "SonosSharp.WP8", "SonosSharp.WP8\SonosSharp.WP8.csproj", "{D6E32A11-C045-4A0F-80A2-FB5704115571}"
EndProject
Project("{FAE04EC0-301F-11D3-BF4B-00C04F79EFBC}") = "SonosSharp.W8", "SonosSharp.W8\SonosSharp.W8.csproj", "{ED78D646-AAD9-4A04-B825-343A077E9A76}"
EndProject
Project("{FAE04EC0-301F-11D3-BF4B-00C04F79EFBC}") = "SonosSharp.Net", "SonosSharp.Net\SonosSharp.Net.csproj", "{97167C9A-FA64-4A10-BC7A-EC4212DDBCEB}"
EndProject
Global
	GlobalSection(SolutionConfigurationPlatforms) = preSolution
		Debug|Any CPU = Debug|Any CPU
		Debug|ARM = Debug|ARM
		Debug|x64 = Debug|x64
		Debug|x86 = Debug|x86
		Release|Any CPU = Release|Any CPU
		Release|ARM = Release|ARM
		Release|x64 = Release|x64
		Release|x86 = Release|x86
	EndGlobalSection
	GlobalSection(ProjectConfigurationPlatforms) = postSolution
		{E58F0D76-C0D7-4887-83D4-A18506F15F56}.Debug|Any CPU.ActiveCfg = Debug|Any CPU
		{E58F0D76-C0D7-4887-83D4-A18506F15F56}.Debug|Any CPU.Build.0 = Debug|Any CPU
		{E58F0D76-C0D7-4887-83D4-A18506F15F56}.Debug|ARM.ActiveCfg = Debug|Any CPU
		{E58F0D76-C0D7-4887-83D4-A18506F15F56}.Debug|x64.ActiveCfg = Debug|Any CPU
		{E58F0D76-C0D7-4887-83D4-A18506F15F56}.Debug|x86.ActiveCfg = Debug|Any CPU
		{E58F0D76-C0D7-4887-83D4-A18506F15F56}.Release|Any CPU.ActiveCfg = Release|Any CPU
		{E58F0D76-C0D7-4887-83D4-A18506F15F56}.Release|Any CPU.Build.0 = Release|Any CPU
		{E58F0D76-C0D7-4887-83D4-A18506F15F56}.Release|ARM.ActiveCfg = Release|Any CPU
		{E58F0D76-C0D7-4887-83D4-A18506F15F56}.Release|x64.ActiveCfg = Release|Any CPU
		{E58F0D76-C0D7-4887-83D4-A18506F15F56}.Release|x86.ActiveCfg = Release|Any CPU
		{9CADAD7C-B6B2-4C77-8B80-A46366F0B749}.Debug|Any CPU.ActiveCfg = Debug|Any CPU
		{9CADAD7C-B6B2-4C77-8B80-A46366F0B749}.Debug|Any CPU.Build.0 = Debug|Any CPU
		{9CADAD7C-B6B2-4C77-8B80-A46366F0B749}.Debug|ARM.ActiveCfg = Debug|Any CPU
		{9CADAD7C-B6B2-4C77-8B80-A46366F0B749}.Debug|x64.ActiveCfg = Debug|Any CPU
		{9CADAD7C-B6B2-4C77-8B80-A46366F0B749}.Debug|x86.ActiveCfg = Debug|Any CPU
		{9CADAD7C-B6B2-4C77-8B80-A46366F0B749}.Release|Any CPU.ActiveCfg = Release|Any CPU
		{9CADAD7C-B6B2-4C77-8B80-A46366F0B749}.Release|Any CPU.Build.0 = Release|Any CPU
		{9CADAD7C-B6B2-4C77-8B80-A46366F0B749}.Release|ARM.ActiveCfg = Release|Any CPU
		{9CADAD7C-B6B2-4C77-8B80-A46366F0B749}.Release|x64.ActiveCfg = Release|Any CPU
		{9CADAD7C-B6B2-4C77-8B80-A46366F0B749}.Release|x86.ActiveCfg = Release|Any CPU
		{D6E32A11-C045-4A0F-80A2-FB5704115571}.Debug|Any CPU.ActiveCfg = Debug|Any CPU
		{D6E32A11-C045-4A0F-80A2-FB5704115571}.Debug|Any CPU.Build.0 = Debug|Any CPU
		{D6E32A11-C045-4A0F-80A2-FB5704115571}.Debug|ARM.ActiveCfg = Debug|ARM
		{D6E32A11-C045-4A0F-80A2-FB5704115571}.Debug|ARM.Build.0 = Debug|ARM
		{D6E32A11-C045-4A0F-80A2-FB5704115571}.Debug|x64.ActiveCfg = Debug|Any CPU
		{D6E32A11-C045-4A0F-80A2-FB5704115571}.Debug|x86.ActiveCfg = Debug|x86
		{D6E32A11-C045-4A0F-80A2-FB5704115571}.Debug|x86.Build.0 = Debug|x86
		{D6E32A11-C045-4A0F-80A2-FB5704115571}.Release|Any CPU.ActiveCfg = Release|Any CPU
		{D6E32A11-C045-4A0F-80A2-FB5704115571}.Release|Any CPU.Build.0 = Release|Any CPU
		{D6E32A11-C045-4A0F-80A2-FB5704115571}.Release|ARM.ActiveCfg = Release|ARM
		{D6E32A11-C045-4A0F-80A2-FB5704115571}.Release|ARM.Build.0 = Release|ARM
		{D6E32A11-C045-4A0F-80A2-FB5704115571}.Release|x64.ActiveCfg = Release|Any CPU
		{D6E32A11-C045-4A0F-80A2-FB5704115571}.Release|x86.ActiveCfg = Release|x86
		{D6E32A11-C045-4A0F-80A2-FB5704115571}.Release|x86.Build.0 = Release|x86
		{ED78D646-AAD9-4A04-B825-343A077E9A76}.Debug|Any CPU.ActiveCfg = Debug|Any CPU
		{ED78D646-AAD9-4A04-B825-343A077E9A76}.Debug|Any CPU.Build.0 = Debug|Any CPU
		{ED78D646-AAD9-4A04-B825-343A077E9A76}.Debug|ARM.ActiveCfg = Debug|ARM
		{ED78D646-AAD9-4A04-B825-343A077E9A76}.Debug|ARM.Build.0 = Debug|ARM
		{ED78D646-AAD9-4A04-B825-343A077E9A76}.Debug|x64.ActiveCfg = Debug|x64
		{ED78D646-AAD9-4A04-B825-343A077E9A76}.Debug|x64.Build.0 = Debug|x64
		{ED78D646-AAD9-4A04-B825-343A077E9A76}.Debug|x86.ActiveCfg = Debug|x86
		{ED78D646-AAD9-4A04-B825-343A077E9A76}.Debug|x86.Build.0 = Debug|x86
		{ED78D646-AAD9-4A04-B825-343A077E9A76}.Release|Any CPU.ActiveCfg = Release|Any CPU
		{ED78D646-AAD9-4A04-B825-343A077E9A76}.Release|Any CPU.Build.0 = Release|Any CPU
		{ED78D646-AAD9-4A04-B825-343A077E9A76}.Release|ARM.ActiveCfg = Release|ARM
		{ED78D646-AAD9-4A04-B825-343A077E9A76}.Release|ARM.Build.0 = Release|ARM
		{ED78D646-AAD9-4A04-B825-343A077E9A76}.Release|x64.ActiveCfg = Release|x64
		{ED78D646-AAD9-4A04-B825-343A077E9A76}.Release|x64.Build.0 = Release|x64
		{ED78D646-AAD9-4A04-B825-343A077E9A76}.Release|x86.ActiveCfg = Release|x86
		{ED78D646-AAD9-4A04-B825-343A077E9A76}.Release|x86.Build.0 = Release|x86
		{97167C9A-FA64-4A10-BC7A-EC4212DDBCEB}.Debug|Any CPU.ActiveCfg = Debug|Any CPU
		{97167C9A-FA64-4A10-BC7A-EC4212DDBCEB}.Debug|Any CPU.Build.0 = Debug|Any CPU
		{97167C9A-FA64-4A10-BC7A-EC4212DDBCEB}.Debug|ARM.ActiveCfg = Debug|Any CPU
		{97167C9A-FA64-4A10-BC7A-EC4212DDBCEB}.Debug|x64.ActiveCfg = Debug|Any CPU
		{97167C9A-FA64-4A10-BC7A-EC4212DDBCEB}.Debug|x86.ActiveCfg = Debug|Any CPU
		{97167C9A-FA64-4A10-BC7A-EC4212DDBCEB}.Release|Any CPU.ActiveCfg = Release|Any CPU
		{97167C9A-FA64-4A10-BC7A-EC4212DDBCEB}.Release|Any CPU.Build.0 = Release|Any CPU
		{97167C9A-FA64-4A10-BC7A-EC4212DDBCEB}.Release|ARM.ActiveCfg = Release|Any CPU
		{97167C9A-FA64-4A10-BC7A-EC4212DDBCEB}.Release|x64.ActiveCfg = Release|Any CPU
		{97167C9A-FA64-4A10-BC7A-EC4212DDBCEB}.Release|x86.ActiveCfg = Release|Any CPU
	EndGlobalSection
	GlobalSection(SolutionProperties) = preSolution
		HideSolutionNode = FALSE
	EndGlobalSection
	GlobalSection(NestedProjects) = preSolution
		{9CADAD7C-B6B2-4C77-8B80-A46366F0B749} = {A2385080-A959-425E-ACEC-F3E13D00FEF0}
	EndGlobalSection
EndGlobal
